
Microsoft Visual Studio Solution File, Format Version 12.00
# Visual Studio 15
VisualStudioVersion = 15.0.34031.82
MinimumVisualStudioVersion = 10.0.40219.1
Project("{E24C65DC-7377-472B-9ABA-BC803B73C61A}") = "MachineTest1", "MachineTest1\", "{DB06530E-A373-4BA4-A3A0-B7616FAF8900}"
	ProjectSection(WebsiteProperties) = preProject
		TargetFrameworkMoniker = ".NETFramework,Version%3Dv4.6.1"
		Debug.AspNetCompiler.VirtualPath = "/localhost_51497"
		Debug.AspNetCompiler.PhysicalPath = "MachineTest1\"
		Debug.AspNetCompiler.TargetPath = "PrecompiledWeb\localhost_51497\"
		Debug.AspNetCompiler.Updateable = "true"
		Debug.AspNetCompiler.ForceOverwrite = "true"
		Debug.AspNetCompiler.FixedNames = "false"
		Debug.AspNetCompiler.Debug = "True"
		Release.AspNetCompiler.VirtualPath = "/localhost_51497"
		Release.AspNetCompiler.PhysicalPath = "MachineTest1\"
		Release.AspNetCompiler.TargetPath = "PrecompiledWeb\localhost_51497\"
		Release.AspNetCompiler.Updateable = "true"
		Release.AspNetCompiler.ForceOverwrite = "true"
		Release.AspNetCompiler.FixedNames = "false"
		Release.AspNetCompiler.Debug = "False"
		VWDPort = "51497"
		SlnRelativePath = "MachineTest1\"
		DefaultWebSiteLanguage = "Visual C#"
	EndProjectSection
EndProject
Global
	GlobalSection(SolutionConfigurationPlatforms) = preSolution
		Debug|Any CPU = Debug|Any CPU
	EndGlobalSection
	GlobalSection(ProjectConfigurationPlatforms) = postSolution
		{DB06530E-A373-4BA4-A3A0-B7616FAF8900}.Debug|Any CPU.ActiveCfg = Debug|Any CPU
		{DB06530E-A373-4BA4-A3A0-B7616FAF8900}.Debug|Any CPU.Build.0 = Debug|Any CPU
	EndGlobalSection
	GlobalSection(SolutionProperties) = preSolution
		HideSolutionNode = FALSE
	EndGlobalSection
	GlobalSection(ExtensibilityGlobals) = postSolution
		SolutionGuid = {B4B45CAD-C137-42D9-B963-AD3ACB82C014}
	EndGlobalSection
EndGlobal
