
Microsoft Visual Studio Solution File, Format Version 12.00
# Visual Studio 15
VisualStudioVersion = 15.0.34031.82
MinimumVisualStudioVersion = 10.0.40219.1
Project("{E24C65DC-7377-472B-9ABA-BC803B73C61A}") = "Test-Invoicing-Application", "Test-Invoicing-Application\", "{24F5174A-D2B9-4EC6-A4F8-66302D2D27F9}"
	ProjectSection(WebsiteProperties) = preProject
		TargetFrameworkMoniker = ".NETFramework,Version%3Dv4.6.1"
		Debug.AspNetCompiler.VirtualPath = "/localhost_53716"
		Debug.AspNetCompiler.PhysicalPath = "Test-Invoicing-Application\"
		Debug.AspNetCompiler.TargetPath = "PrecompiledWeb\localhost_53716\"
		Debug.AspNetCompiler.Updateable = "true"
		Debug.AspNetCompiler.ForceOverwrite = "true"
		Debug.AspNetCompiler.FixedNames = "false"
		Debug.AspNetCompiler.Debug = "True"
		Release.AspNetCompiler.VirtualPath = "/localhost_53716"
		Release.AspNetCompiler.PhysicalPath = "Test-Invoicing-Application\"
		Release.AspNetCompiler.TargetPath = "PrecompiledWeb\localhost_53716\"
		Release.AspNetCompiler.Updateable = "true"
		Release.AspNetCompiler.ForceOverwrite = "true"
		Release.AspNetCompiler.FixedNames = "false"
		Release.AspNetCompiler.Debug = "False"
		VWDPort = "53716"
		SlnRelativePath = "Test-Invoicing-Application\"
		DefaultWebSiteLanguage = "Visual C#"
	EndProjectSection
EndProject
Global
	GlobalSection(SolutionConfigurationPlatforms) = preSolution
		Debug|Any CPU = Debug|Any CPU
	EndGlobalSection
	GlobalSection(ProjectConfigurationPlatforms) = postSolution
		{24F5174A-D2B9-4EC6-A4F8-66302D2D27F9}.Debug|Any CPU.ActiveCfg = Debug|Any CPU
		{24F5174A-D2B9-4EC6-A4F8-66302D2D27F9}.Debug|Any CPU.Build.0 = Debug|Any CPU
	EndGlobalSection
	GlobalSection(SolutionProperties) = preSolution
		HideSolutionNode = FALSE
	EndGlobalSection
	GlobalSection(ExtensibilityGlobals) = postSolution
		SolutionGuid = {B936551E-F50C-4B5C-9AE1-281EFA6A169E}
	EndGlobalSection
EndGlobal
